
Microsoft Visual Studio Solution File, Format Version 12.00
Project("{2150E333-8FDC-42A3-9474-1A3956D46DE8}") = "src", "src", "{4843B4F7-FC22-49D1-BFE9-F9D1BE560B45}"
EndProject
Project("{FAE04EC0-301F-11D3-BF4B-00C04F79EFBC}") = "Schemata.Abstractions", "src\Schemata.Abstractions\Schemata.Abstractions.csproj", "{684A7E67-14A2-405B-9166-AF80E87170E6}"
EndProject
Project("{FAE04EC0-301F-11D3-BF4B-00C04F79EFBC}") = "Schemata.Authorization.Foundation", "src\Schemata.Authorization.Foundation\Schemata.Authorization.Foundation.csproj", "{F9BE5BF5-99C7-4A51-8D6F-9C5C9FDF92F9}"
EndProject
Project("{FAE04EC0-301F-11D3-BF4B-00C04F79EFBC}") = "Schemata.Core", "src\Schemata.Core\Schemata.Core.csproj", "{BAFC2B36-2DD9-469A-8C46-41360FA8E755}"
EndProject
Project("{FAE04EC0-301F-11D3-BF4B-00C04F79EFBC}") = "Schemata.DSL", "generators\Schemata.DSL\Schemata.DSL.csproj", "{67544FAC-A63D-4E2A-A406-81E84E39E87D}"
EndProject
Project("{FAE04EC0-301F-11D3-BF4B-00C04F79EFBC}") = "Schemata.Entity.EntityFrameworkCore", "src\Schemata.Entity.EntityFrameworkCore\Schemata.Entity.EntityFrameworkCore.csproj", "{F70566AA-B7B8-444F-B5C0-07B2A1BCC7CF}"
EndProject
Project("{FAE04EC0-301F-11D3-BF4B-00C04F79EFBC}") = "Schemata.Entity.LinqToDB", "src\Schemata.Entity.LinqToDB\Schemata.Entity.LinqToDB.csproj", "{80CF73BF-2728-479A-A736-4240AF4B0B2D}"
EndProject
Project("{FAE04EC0-301F-11D3-BF4B-00C04F79EFBC}") = "Schemata.Entity.Repository", "src\Schemata.Entity.Repository\Schemata.Entity.Repository.csproj", "{04877859-57EB-46AD-9661-F2512769F624}"
EndProject
Project("{FAE04EC0-301F-11D3-BF4B-00C04F79EFBC}") = "Schemata.Modular", "src\Schemata.Modular\Schemata.Modular.csproj", "{EB9F4014-15D9-40E2-BBFC-1D4A2C769A31}"
EndProject
Project("{FAE04EC0-301F-11D3-BF4B-00C04F79EFBC}") = "Schemata.Pipeline", "src\Schemata.Pipeline\Schemata.Pipeline.csproj", "{135D5971-EAE9-4171-AEED-6AE143D91B04}"
EndProject
Project("{2150E333-8FDC-42A3-9474-1A3956D46DE8}") = "targets", "targets", "{28ED7FC7-3078-43BE-9CA5-BB12B9CD7A92}"
EndProject
Project("{FAE04EC0-301F-11D3-BF4B-00C04F79EFBC}") = "Schemata.Application.Complex.Targets", "targets\Schemata.Application.Targets\Schemata.Application.Complex.Targets.csproj", "{6DBD3A5A-C54F-4BB1-966D-BBF998D07A98}"
EndProject
Project("{FAE04EC0-301F-11D3-BF4B-00C04F79EFBC}") = "Schemata.Application.Modular.Targets", "targets\Schemata.Application.Targets\Schemata.Application.Modular.Targets.csproj", "{CDEE8342-152B-4567-8D3A-C74BE1476816}"
EndProject
Project("{FAE04EC0-301F-11D3-BF4B-00C04F79EFBC}") = "Schemata.Application.Persisting.Targets", "targets\Schemata.Application.Targets\Schemata.Application.Persisting.Targets.csproj", "{2F9EE56F-52A3-4CC1-844F-D23905461301}"
EndProject
Project("{FAE04EC0-301F-11D3-BF4B-00C04F79EFBC}") = "Schemata.Application.Targets", "targets\Schemata.Application.Targets\Schemata.Application.Targets.csproj", "{68DAC49C-01FE-49C2-967C-31377AF72CCA}"
EndProject
Project("{FAE04EC0-301F-11D3-BF4B-00C04F79EFBC}") = "Schemata.Business.Complex.Targets", "targets\Schemata.Business.Targets\Schemata.Business.Complex.Targets.csproj", "{B6EB82FD-8E6B-40BA-8A35-69C4719FD8CD}"
EndProject
Project("{FAE04EC0-301F-11D3-BF4B-00C04F79EFBC}") = "Schemata.Business.Targets", "targets\Schemata.Business.Targets\Schemata.Business.Targets.csproj", "{EAF59CCA-8DB4-4A05-965D-D4F1C4559D5F}"
EndProject
Project("{FAE04EC0-301F-11D3-BF4B-00C04F79EFBC}") = "Schemata.Module.Complex.Targets", "targets\Schemata.Module.Targets\Schemata.Module.Complex.Targets.csproj", "{ADBE24AC-DC7A-4DCB-B138-3EBE83BFB3F7}"
EndProject
Project("{FAE04EC0-301F-11D3-BF4B-00C04F79EFBC}") = "Schemata.Module.Persisting.Targets", "targets\Schemata.Module.Targets\Schemata.Module.Persisting.Targets.csproj", "{1019046E-BE5B-4AA5-9EB0-7C2D04DA1679}"
EndProject
Project("{FAE04EC0-301F-11D3-BF4B-00C04F79EFBC}") = "Schemata.Module.Targets", "targets\Schemata.Module.Targets\Schemata.Module.Targets.csproj", "{7B4F3007-9910-491A-AC67-41BEE7A26A4B}"
EndProject
Project("{2150E333-8FDC-42A3-9474-1A3956D46DE8}") = "tests", "tests", "{CBCC79D2-0708-4D1B-807B-2BEC52FE45F8}"
EndProject
Project("{FAE04EC0-301F-11D3-BF4B-00C04F79EFBC}") = "Schemata.DSL.Tests", "tests\Schemata.DSL.Tests\Schemata.DSL.Tests.csproj", "{D982A6E1-77BE-445C-836B-7353FBB8E4E5}"
EndProject
Project("{2150E333-8FDC-42A3-9474-1A3956D46DE8}") = "Solution Items", "Solution Items", "{0388B432-22EC-4D94-B484-6C2AF10E1723}"
	ProjectSection(SolutionItems) = preProject
		Directory.Build.props = Directory.Build.props
		Directory.Build.targets = Directory.Build.targets
		Directory.Packages.props = Directory.Packages.props
		NuGet.config = NuGet.config
		eng\Versions.props = eng\Versions.props
		README.md = README.md
	EndProjectSection
EndProject
Global
	GlobalSection(SolutionConfigurationPlatforms) = preSolution
		Debug|Any CPU = Debug|Any CPU
		Release|Any CPU = Release|Any CPU
	EndGlobalSection
	GlobalSection(ProjectConfigurationPlatforms) = postSolution
		{684A7E67-14A2-405B-9166-AF80E87170E6}.Debug|Any CPU.ActiveCfg = Debug|Any CPU
		{684A7E67-14A2-405B-9166-AF80E87170E6}.Debug|Any CPU.Build.0 = Debug|Any CPU
		{684A7E67-14A2-405B-9166-AF80E87170E6}.Release|Any CPU.ActiveCfg = Release|Any CPU
		{684A7E67-14A2-405B-9166-AF80E87170E6}.Release|Any CPU.Build.0 = Release|Any CPU
		{F9BE5BF5-99C7-4A51-8D6F-9C5C9FDF92F9}.Debug|Any CPU.ActiveCfg = Debug|Any CPU
		{F9BE5BF5-99C7-4A51-8D6F-9C5C9FDF92F9}.Debug|Any CPU.Build.0 = Debug|Any CPU
		{F9BE5BF5-99C7-4A51-8D6F-9C5C9FDF92F9}.Release|Any CPU.ActiveCfg = Release|Any CPU
		{F9BE5BF5-99C7-4A51-8D6F-9C5C9FDF92F9}.Release|Any CPU.Build.0 = Release|Any CPU
		{BAFC2B36-2DD9-469A-8C46-41360FA8E755}.Debug|Any CPU.ActiveCfg = Debug|Any CPU
		{BAFC2B36-2DD9-469A-8C46-41360FA8E755}.Debug|Any CPU.Build.0 = Debug|Any CPU
		{BAFC2B36-2DD9-469A-8C46-41360FA8E755}.Release|Any CPU.ActiveCfg = Release|Any CPU
		{BAFC2B36-2DD9-469A-8C46-41360FA8E755}.Release|Any CPU.Build.0 = Release|Any CPU
		{67544FAC-A63D-4E2A-A406-81E84E39E87D}.Debug|Any CPU.ActiveCfg = Debug|Any CPU
		{67544FAC-A63D-4E2A-A406-81E84E39E87D}.Debug|Any CPU.Build.0 = Debug|Any CPU
		{67544FAC-A63D-4E2A-A406-81E84E39E87D}.Release|Any CPU.ActiveCfg = Release|Any CPU
		{67544FAC-A63D-4E2A-A406-81E84E39E87D}.Release|Any CPU.Build.0 = Release|Any CPU
		{F70566AA-B7B8-444F-B5C0-07B2A1BCC7CF}.Debug|Any CPU.ActiveCfg = Debug|Any CPU
		{F70566AA-B7B8-444F-B5C0-07B2A1BCC7CF}.Debug|Any CPU.Build.0 = Debug|Any CPU
		{F70566AA-B7B8-444F-B5C0-07B2A1BCC7CF}.Release|Any CPU.ActiveCfg = Release|Any CPU
		{F70566AA-B7B8-444F-B5C0-07B2A1BCC7CF}.Release|Any CPU.Build.0 = Release|Any CPU
		{80CF73BF-2728-479A-A736-4240AF4B0B2D}.Debug|Any CPU.ActiveCfg = Debug|Any CPU
		{80CF73BF-2728-479A-A736-4240AF4B0B2D}.Debug|Any CPU.Build.0 = Debug|Any CPU
		{80CF73BF-2728-479A-A736-4240AF4B0B2D}.Release|Any CPU.ActiveCfg = Release|Any CPU
		{80CF73BF-2728-479A-A736-4240AF4B0B2D}.Release|Any CPU.Build.0 = Release|Any CPU
		{04877859-57EB-46AD-9661-F2512769F624}.Debug|Any CPU.ActiveCfg = Debug|Any CPU
		{04877859-57EB-46AD-9661-F2512769F624}.Debug|Any CPU.Build.0 = Debug|Any CPU
		{04877859-57EB-46AD-9661-F2512769F624}.Release|Any CPU.ActiveCfg = Release|Any CPU
		{04877859-57EB-46AD-9661-F2512769F624}.Release|Any CPU.Build.0 = Release|Any CPU
		{EB9F4014-15D9-40E2-BBFC-1D4A2C769A31}.Debug|Any CPU.ActiveCfg = Debug|Any CPU
		{EB9F4014-15D9-40E2-BBFC-1D4A2C769A31}.Debug|Any CPU.Build.0 = Debug|Any CPU
		{EB9F4014-15D9-40E2-BBFC-1D4A2C769A31}.Release|Any CPU.ActiveCfg = Release|Any CPU
		{EB9F4014-15D9-40E2-BBFC-1D4A2C769A31}.Release|Any CPU.Build.0 = Release|Any CPU
		{135D5971-EAE9-4171-AEED-6AE143D91B04}.Debug|Any CPU.ActiveCfg = Debug|Any CPU
		{135D5971-EAE9-4171-AEED-6AE143D91B04}.Debug|Any CPU.Build.0 = Debug|Any CPU
		{135D5971-EAE9-4171-AEED-6AE143D91B04}.Release|Any CPU.ActiveCfg = Release|Any CPU
		{135D5971-EAE9-4171-AEED-6AE143D91B04}.Release|Any CPU.Build.0 = Release|Any CPU
		{6DBD3A5A-C54F-4BB1-966D-BBF998D07A98}.Debug|Any CPU.ActiveCfg = Debug|Any CPU
		{6DBD3A5A-C54F-4BB1-966D-BBF998D07A98}.Debug|Any CPU.Build.0 = Debug|Any CPU
		{6DBD3A5A-C54F-4BB1-966D-BBF998D07A98}.Release|Any CPU.ActiveCfg = Release|Any CPU
		{6DBD3A5A-C54F-4BB1-966D-BBF998D07A98}.Release|Any CPU.Build.0 = Release|Any CPU
		{CDEE8342-152B-4567-8D3A-C74BE1476816}.Debug|Any CPU.ActiveCfg = Debug|Any CPU
		{CDEE8342-152B-4567-8D3A-C74BE1476816}.Debug|Any CPU.Build.0 = Debug|Any CPU
		{CDEE8342-152B-4567-8D3A-C74BE1476816}.Release|Any CPU.ActiveCfg = Release|Any CPU
		{CDEE8342-152B-4567-8D3A-C74BE1476816}.Release|Any CPU.Build.0 = Release|Any CPU
		{2F9EE56F-52A3-4CC1-844F-D23905461301}.Debug|Any CPU.ActiveCfg = Debug|Any CPU
		{2F9EE56F-52A3-4CC1-844F-D23905461301}.Debug|Any CPU.Build.0 = Debug|Any CPU
		{2F9EE56F-52A3-4CC1-844F-D23905461301}.Release|Any CPU.ActiveCfg = Release|Any CPU
		{2F9EE56F-52A3-4CC1-844F-D23905461301}.Release|Any CPU.Build.0 = Release|Any CPU
		{68DAC49C-01FE-49C2-967C-31377AF72CCA}.Debug|Any CPU.ActiveCfg = Debug|Any CPU
		{68DAC49C-01FE-49C2-967C-31377AF72CCA}.Debug|Any CPU.Build.0 = Debug|Any CPU
		{68DAC49C-01FE-49C2-967C-31377AF72CCA}.Release|Any CPU.ActiveCfg = Release|Any CPU
		{68DAC49C-01FE-49C2-967C-31377AF72CCA}.Release|Any CPU.Build.0 = Release|Any CPU
		{B6EB82FD-8E6B-40BA-8A35-69C4719FD8CD}.Debug|Any CPU.ActiveCfg = Debug|Any CPU
		{B6EB82FD-8E6B-40BA-8A35-69C4719FD8CD}.Debug|Any CPU.Build.0 = Debug|Any CPU
		{B6EB82FD-8E6B-40BA-8A35-69C4719FD8CD}.Release|Any CPU.ActiveCfg = Release|Any CPU
		{B6EB82FD-8E6B-40BA-8A35-69C4719FD8CD}.Release|Any CPU.Build.0 = Release|Any CPU
		{EAF59CCA-8DB4-4A05-965D-D4F1C4559D5F}.Debug|Any CPU.ActiveCfg = Debug|Any CPU
		{EAF59CCA-8DB4-4A05-965D-D4F1C4559D5F}.Debug|Any CPU.Build.0 = Debug|Any CPU
		{EAF59CCA-8DB4-4A05-965D-D4F1C4559D5F}.Release|Any CPU.ActiveCfg = Release|Any CPU
		{EAF59CCA-8DB4-4A05-965D-D4F1C4559D5F}.Release|Any CPU.Build.0 = Release|Any CPU
		{ADBE24AC-DC7A-4DCB-B138-3EBE83BFB3F7}.Debug|Any CPU.ActiveCfg = Debug|Any CPU
		{ADBE24AC-DC7A-4DCB-B138-3EBE83BFB3F7}.Debug|Any CPU.Build.0 = Debug|Any CPU
		{ADBE24AC-DC7A-4DCB-B138-3EBE83BFB3F7}.Release|Any CPU.ActiveCfg = Release|Any CPU
		{ADBE24AC-DC7A-4DCB-B138-3EBE83BFB3F7}.Release|Any CPU.Build.0 = Release|Any CPU
		{1019046E-BE5B-4AA5-9EB0-7C2D04DA1679}.Debug|Any CPU.ActiveCfg = Debug|Any CPU
		{1019046E-BE5B-4AA5-9EB0-7C2D04DA1679}.Debug|Any CPU.Build.0 = Debug|Any CPU
		{1019046E-BE5B-4AA5-9EB0-7C2D04DA1679}.Release|Any CPU.ActiveCfg = Release|Any CPU
		{1019046E-BE5B-4AA5-9EB0-7C2D04DA1679}.Release|Any CPU.Build.0 = Release|Any CPU
		{7B4F3007-9910-491A-AC67-41BEE7A26A4B}.Debug|Any CPU.ActiveCfg = Debug|Any CPU
		{7B4F3007-9910-491A-AC67-41BEE7A26A4B}.Debug|Any CPU.Build.0 = Debug|Any CPU
		{7B4F3007-9910-491A-AC67-41BEE7A26A4B}.Release|Any CPU.ActiveCfg = Release|Any CPU
		{7B4F3007-9910-491A-AC67-41BEE7A26A4B}.Release|Any CPU.Build.0 = Release|Any CPU
		{D982A6E1-77BE-445C-836B-7353FBB8E4E5}.Debug|Any CPU.ActiveCfg = Debug|Any CPU
		{D982A6E1-77BE-445C-836B-7353FBB8E4E5}.Debug|Any CPU.Build.0 = Debug|Any CPU
		{D982A6E1-77BE-445C-836B-7353FBB8E4E5}.Release|Any CPU.ActiveCfg = Release|Any CPU
		{D982A6E1-77BE-445C-836B-7353FBB8E4E5}.Release|Any CPU.Build.0 = Release|Any CPU
	EndGlobalSection
	GlobalSection(NestedProjects) = preSolution
		{684A7E67-14A2-405B-9166-AF80E87170E6} = {4843B4F7-FC22-49D1-BFE9-F9D1BE560B45}
		{F9BE5BF5-99C7-4A51-8D6F-9C5C9FDF92F9} = {4843B4F7-FC22-49D1-BFE9-F9D1BE560B45}
		{BAFC2B36-2DD9-469A-8C46-41360FA8E755} = {4843B4F7-FC22-49D1-BFE9-F9D1BE560B45}
		{67544FAC-A63D-4E2A-A406-81E84E39E87D} = {4843B4F7-FC22-49D1-BFE9-F9D1BE560B45}
		{F70566AA-B7B8-444F-B5C0-07B2A1BCC7CF} = {4843B4F7-FC22-49D1-BFE9-F9D1BE560B45}
		{80CF73BF-2728-479A-A736-4240AF4B0B2D} = {4843B4F7-FC22-49D1-BFE9-F9D1BE560B45}
		{04877859-57EB-46AD-9661-F2512769F624} = {4843B4F7-FC22-49D1-BFE9-F9D1BE560B45}
		{EB9F4014-15D9-40E2-BBFC-1D4A2C769A31} = {4843B4F7-FC22-49D1-BFE9-F9D1BE560B45}
		{135D5971-EAE9-4171-AEED-6AE143D91B04} = {4843B4F7-FC22-49D1-BFE9-F9D1BE560B45}
		{6DBD3A5A-C54F-4BB1-966D-BBF998D07A98} = {28ED7FC7-3078-43BE-9CA5-BB12B9CD7A92}
		{CDEE8342-152B-4567-8D3A-C74BE1476816} = {28ED7FC7-3078-43BE-9CA5-BB12B9CD7A92}
		{2F9EE56F-52A3-4CC1-844F-D23905461301} = {28ED7FC7-3078-43BE-9CA5-BB12B9CD7A92}
		{68DAC49C-01FE-49C2-967C-31377AF72CCA} = {28ED7FC7-3078-43BE-9CA5-BB12B9CD7A92}
		{B6EB82FD-8E6B-40BA-8A35-69C4719FD8CD} = {28ED7FC7-3078-43BE-9CA5-BB12B9CD7A92}
		{EAF59CCA-8DB4-4A05-965D-D4F1C4559D5F} = {28ED7FC7-3078-43BE-9CA5-BB12B9CD7A92}
		{ADBE24AC-DC7A-4DCB-B138-3EBE83BFB3F7} = {28ED7FC7-3078-43BE-9CA5-BB12B9CD7A92}
		{1019046E-BE5B-4AA5-9EB0-7C2D04DA1679} = {28ED7FC7-3078-43BE-9CA5-BB12B9CD7A92}
		{7B4F3007-9910-491A-AC67-41BEE7A26A4B} = {28ED7FC7-3078-43BE-9CA5-BB12B9CD7A92}
		{D982A6E1-77BE-445C-836B-7353FBB8E4E5} = {CBCC79D2-0708-4D1B-807B-2BEC52FE45F8}
	EndGlobalSection
EndGlobal
